
Microsoft Visual Studio Solution File, Format Version 12.00
# Visual Studio Version 17
VisualStudioVersion = 17.14.36511.14 d17.14
MinimumVisualStudioVersion = 10.0.40219.1
Project("{888888A0-9F3D-457C-B088-3A5042F75D52}") = "DotaPredictor", "DotaPredictor\DotaPredictor.pyproj", "{D1D04831-9898-40E3-8950-2A8AE7083870}"
EndProject
Global
	GlobalSection(SolutionConfigurationPlatforms) = preSolution
		Debug|Any CPU = Debug|Any CPU
		Release|Any CPU = Release|Any CPU
	EndGlobalSection
	GlobalSection(ProjectConfigurationPlatforms) = postSolution
		{D1D04831-9898-40E3-8950-2A8AE7083870}.Debug|Any CPU.ActiveCfg = Debug|Any CPU
		{D1D04831-9898-40E3-8950-2A8AE7083870}.Release|Any CPU.ActiveCfg = Release|Any CPU
	EndGlobalSection
	GlobalSection(SolutionProperties) = preSolution
		HideSolutionNode = FALSE
	EndGlobalSection
	GlobalSection(ExtensibilityGlobals) = postSolution
		SolutionGuid = {F758FD8B-8FA3-491C-919C-407BC9199D89}
	EndGlobalSection
EndGlobal
